Microsoft Visual Studio Solution File, Format Version 12.00
# Visual Studio 15
VisualStudioVersion = 15.0.26430.14
MinimumVisualStudioVersion = 15.0.26124.0
Project("{2150E333-8FDC-42A3-9474-1A3956D46DE8}") = "src", "src", "{CB8349DD-9DD6-427A-8478-FFEE32EC7CED}"
EndProject
Project("{9A19103F-16F7-4668-BE54-9A1E7A4F7556}") = "MbUtils.TextSearch.ConsoleHost", "src\MbUtils.TextSearch.ConsoleHost\MbUtils.TextSearch.ConsoleHost.csproj", "{2DE3E9A6-5DE7-4252-BCB2-817B8120D609}"
EndProject
Project("{9A19103F-16F7-4668-BE54-9A1E7A4F7556}") = "MbUtils.TextSearch.Business", "src\MbUtils.TextSearch.Business\MbUtils.TextSearch.Business.csproj", "{3B9DFA23-7C1E-412B-8835-DC66825E9FA3}"
EndProject
Project("{2150E333-8FDC-42A3-9474-1A3956D46DE8}") = "test", "test", "{7C625C69-01EB-4971-A274-370C64049C3D}"
EndProject
Project("{FAE04EC0-301F-11D3-BF4B-00C04F79EFBC}") = "UnitTests", "test\UnitTests\UnitTests.csproj", "{07B27E86-E636-4A8C-9B4D-8969E7D58A5F}"
EndProject
Project("{FAE04EC0-301F-11D3-BF4B-00C04F79EFBC}") = "Benchmarks", "test\Benchmarks\Benchmarks.csproj", "{3B4318D1-6185-488B-9AA8-86D143D2EE18}"
EndProject
Global
	GlobalSection(SolutionConfigurationPlatforms) = preSolution
		Debug|Any CPU = Debug|Any CPU
		Debug|x64 = Debug|x64
		Debug|x86 = Debug|x86
		Release|Any CPU = Release|Any CPU
		Release|x64 = Release|x64
		Release|x86 = Release|x86
	EndGlobalSection
	GlobalSection(ProjectConfigurationPlatforms) = postSolution
		{2DE3E9A6-5DE7-4252-BCB2-817B8120D609}.Debug|Any CPU.ActiveCfg = Debug|Any CPU
		{2DE3E9A6-5DE7-4252-BCB2-817B8120D609}.Debug|Any CPU.Build.0 = Debug|Any CPU
		{2DE3E9A6-5DE7-4252-BCB2-817B8120D609}.Debug|x64.ActiveCfg = Debug|Any CPU
		{2DE3E9A6-5DE7-4252-BCB2-817B8120D609}.Debug|x64.Build.0 = Debug|Any CPU
		{2DE3E9A6-5DE7-4252-BCB2-817B8120D609}.Debug|x86.ActiveCfg = Debug|Any CPU
		{2DE3E9A6-5DE7-4252-BCB2-817B8120D609}.Debug|x86.Build.0 = Debug|Any CPU
		{2DE3E9A6-5DE7-4252-BCB2-817B8120D609}.Release|Any CPU.ActiveCfg = Release|Any CPU
		{2DE3E9A6-5DE7-4252-BCB2-817B8120D609}.Release|Any CPU.Build.0 = Release|Any CPU
		{2DE3E9A6-5DE7-4252-BCB2-817B8120D609}.Release|x64.ActiveCfg = Release|Any CPU
		{2DE3E9A6-5DE7-4252-BCB2-817B8120D609}.Release|x64.Build.0 = Release|Any CPU
		{2DE3E9A6-5DE7-4252-BCB2-817B8120D609}.Release|x86.ActiveCfg = Release|Any CPU
		{2DE3E9A6-5DE7-4252-BCB2-817B8120D609}.Release|x86.Build.0 = Release|Any CPU
		{3B9DFA23-7C1E-412B-8835-DC66825E9FA3}.Debug|Any CPU.ActiveCfg = Debug|Any CPU
		{3B9DFA23-7C1E-412B-8835-DC66825E9FA3}.Debug|Any CPU.Build.0 = Debug|Any CPU
		{3B9DFA23-7C1E-412B-8835-DC66825E9FA3}.Debug|x64.ActiveCfg = Debug|Any CPU
		{3B9DFA23-7C1E-412B-8835-DC66825E9FA3}.Debug|x64.Build.0 = Debug|Any CPU
		{3B9DFA23-7C1E-412B-8835-DC66825E9FA3}.Debug|x86.ActiveCfg = Debug|Any CPU
		{3B9DFA23-7C1E-412B-8835-DC66825E9FA3}.Debug|x86.Build.0 = Debug|Any CPU
		{3B9DFA23-7C1E-412B-8835-DC66825E9FA3}.Release|Any CPU.ActiveCfg = Release|Any CPU
		{3B9DFA23-7C1E-412B-8835-DC66825E9FA3}.Release|Any CPU.Build.0 = Release|Any CPU
		{3B9DFA23-7C1E-412B-8835-DC66825E9FA3}.Release|x64.ActiveCfg = Release|Any CPU
		{3B9DFA23-7C1E-412B-8835-DC66825E9FA3}.Release|x64.Build.0 = Release|Any CPU
		{3B9DFA23-7C1E-412B-8835-DC66825E9FA3}.Release|x86.ActiveCfg = Release|Any CPU
		{3B9DFA23-7C1E-412B-8835-DC66825E9FA3}.Release|x86.Build.0 = Release|Any CPU
		{07B27E86-E636-4A8C-9B4D-8969E7D58A5F}.Debug|Any CPU.ActiveCfg = Debug|Any CPU
		{07B27E86-E636-4A8C-9B4D-8969E7D58A5F}.Debug|Any CPU.Build.0 = Debug|Any CPU
		{07B27E86-E636-4A8C-9B4D-8969E7D58A5F}.Debug|x64.ActiveCfg = Debug|Any CPU
		{07B27E86-E636-4A8C-9B4D-8969E7D58A5F}.Debug|x64.Build.0 = Debug|Any CPU
		{07B27E86-E636-4A8C-9B4D-8969E7D58A5F}.Debug|x86.ActiveCfg = Debug|Any CPU
		{07B27E86-E636-4A8C-9B4D-8969E7D58A5F}.Debug|x86.Build.0 = Debug|Any CPU
		{07B27E86-E636-4A8C-9B4D-8969E7D58A5F}.Release|Any CPU.ActiveCfg = Release|Any CPU
		{07B27E86-E636-4A8C-9B4D-8969E7D58A5F}.Release|Any CPU.Build.0 = Release|Any CPU
		{07B27E86-E636-4A8C-9B4D-8969E7D58A5F}.Release|x64.ActiveCfg = Release|Any CPU
		{07B27E86-E636-4A8C-9B4D-8969E7D58A5F}.Release|x64.Build.0 = Release|Any CPU
		{07B27E86-E636-4A8C-9B4D-8969E7D58A5F}.Release|x86.ActiveCfg = Release|Any CPU
		{07B27E86-E636-4A8C-9B4D-8969E7D58A5F}.Release|x86.Build.0 = Release|Any CPU
		{3B4318D1-6185-488B-9AA8-86D143D2EE18}.Debug|Any CPU.ActiveCfg = Debug|Any CPU
		{3B4318D1-6185-488B-9AA8-86D143D2EE18}.Debug|Any CPU.Build.0 = Debug|Any CPU
		{3B4318D1-6185-488B-9AA8-86D143D2EE18}.Debug|x64.ActiveCfg = Debug|Any CPU
		{3B4318D1-6185-488B-9AA8-86D143D2EE18}.Debug|x64.Build.0 = Debug|Any CPU
		{3B4318D1-6185-488B-9AA8-86D143D2EE18}.Debug|x86.ActiveCfg = Debug|Any CPU
		{3B4318D1-6185-488B-9AA8-86D143D2EE18}.Debug|x86.Build.0 = Debug|Any CPU
		{3B4318D1-6185-488B-9AA8-86D143D2EE18}.Release|Any CPU.ActiveCfg = Release|Any CPU
		{3B4318D1-6185-488B-9AA8-86D143D2EE18}.Release|Any CPU.Build.0 = Release|Any CPU
		{3B4318D1-6185-488B-9AA8-86D143D2EE18}.Release|x64.ActiveCfg = Release|Any CPU
		{3B4318D1-6185-488B-9AA8-86D143D2EE18}.Release|x64.Build.0 = Release|Any CPU
		{3B4318D1-6185-488B-9AA8-86D143D2EE18}.Release|x86.ActiveCfg = Release|Any CPU
		{3B4318D1-6185-488B-9AA8-86D143D2EE18}.Release|x86.Build.0 = Release|Any CPU
	EndGlobalSection
	GlobalSection(SolutionProperties) = preSolution
		HideSolutionNode = FALSE
	EndGlobalSection
	GlobalSection(NestedProjects) = preSolution
		{2DE3E9A6-5DE7-4252-BCB2-817B8120D609} = {CB8349DD-9DD6-427A-8478-FFEE32EC7CED}
		{3B9DFA23-7C1E-412B-8835-DC66825E9FA3} = {CB8349DD-9DD6-427A-8478-FFEE32EC7CED}
		{07B27E86-E636-4A8C-9B4D-8969E7D58A5F} = {7C625C69-01EB-4971-A274-370C64049C3D}
		{3B4318D1-6185-488B-9AA8-86D143D2EE18} = {7C625C69-01EB-4971-A274-370C64049C3D}
	EndGlobalSection
EndGlobal
